
Microsoft Visual Studio Solution File, Format Version 12.00
# Visual Studio Version 16
VisualStudioVersion = 16.0.30517.126
MinimumVisualStudioVersion = 10.0.40219.1
Project("{FAE04EC0-301F-11D3-BF4B-00C04F79EFBC}") = "5951071067_NguyenThanhNhan_nhom3", "5951071067_NguyenThanhNhan_nhom3\5951071067_NguyenThanhNhan_nhom3.csproj", "{06A1FFCE-A4FB-4933-B83A-A4DCE492AFC0}"
EndProject
Global
	GlobalSection(SolutionConfigurationPlatforms) = preSolution
		Debug|Any CPU = Debug|Any CPU
		Release|Any CPU = Release|Any CPU
	EndGlobalSection
	GlobalSection(ProjectConfigurationPlatforms) = postSolution
		{06A1FFCE-A4FB-4933-B83A-A4DCE492AFC0}.Debug|Any CPU.ActiveCfg = Debug|Any CPU
		{06A1FFCE-A4FB-4933-B83A-A4DCE492AFC0}.Debug|Any CPU.Build.0 = Debug|Any CPU
		{06A1FFCE-A4FB-4933-B83A-A4DCE492AFC0}.Release|Any CPU.ActiveCfg = Release|Any CPU
		{06A1FFCE-A4FB-4933-B83A-A4DCE492AFC0}.Release|Any CPU.Build.0 = Release|Any CPU
	EndGlobalSection
	GlobalSection(SolutionProperties) = preSolution
		HideSolutionNode = FALSE
	EndGlobalSection
	GlobalSection(ExtensibilityGlobals) = postSolution
		SolutionGuid = {0718D8F9-9163-429C-AC49-D83ECFEE5E41}
	EndGlobalSection
EndGlobal
